{
    "_meta": {
        "hash": {
            "sha256": "234818345be92b3647ebf1c0e6fedfab1f8c9a294dfed05437fc0199cc1bc7e6"
        },
        "pipfile-spec": 6,
        "requires": {
            "python_version": "3.7"
        },
        "sources": [
            {
                "name": "pypi",
                "url": "https://pypi.org/simple",
                "verify_ssl": true
            }
        ]
    },
    "default": {
        "clrc": {
            "hashes": [
                "sha256:b05243de8cf72d025bc5f2d9e41fa506ae0db839f07eac0b1cd1d01400c02054"
            ],
            "index": "pypi",
            "version": "==0.0.5"
        },
        "colorama": {
            "hashes": [
                "sha256:05eed71e2e327246ad6b38c540c4a3117230b19679b875190486ddd2d721422d",
                "sha256:f8ac84de7840f5b9c4e3347b3c1eaa50f7e49c2b07596221daec5edaabbd7c48"
            ],
            "index": "pypi",
            "version": "==0.4.1"
        }
    },
    "develop": {}
}
